
Microsoft Visual Studio Solution File, Format Version 12.00
# Visual Studio 15
VisualStudioVersion = 15.0.28307.757
MinimumVisualStudioVersion = 10.0.40219.1
Project("{9A19103F-16F7-4668-BE54-9A1E7A4F7556}") = "FichaAcademia", "FichaAcademia\FichaAcademia.csproj", "{33C16F08-6859-43EE-9ED7-0AE05F7419E3}"
EndProject
Project("{FAE04EC0-301F-11D3-BF4B-00C04F79EFBC}") = "FichaAcademia.Dominio", "FichaAcademia.Dominio\FichaAcademia.Dominio.csproj", "{83D72D59-80F2-470C-9A44-A5EA9DF0A5C2}"
EndProject
Project("{FAE04EC0-301F-11D3-BF4B-00C04F79EFBC}") = "FichaAcademia.AcessoDados", "FichaAcademia.AcessoDados\FichaAcademia.AcessoDados.csproj", "{D5F42840-260D-408E-A9A9-32968DC75AF0}"
EndProject
Global
	GlobalSection(SolutionConfigurationPlatforms) = preSolution
		Debug|Any CPU = Debug|Any CPU
		Release|Any CPU = Release|Any CPU
	EndGlobalSection
	GlobalSection(ProjectConfigurationPlatforms) = postSolution
		{33C16F08-6859-43EE-9ED7-0AE05F7419E3}.Debug|Any CPU.ActiveCfg = Debug|Any CPU
		{33C16F08-6859-43EE-9ED7-0AE05F7419E3}.Debug|Any CPU.Build.0 = Debug|Any CPU
		{33C16F08-6859-43EE-9ED7-0AE05F7419E3}.Release|Any CPU.ActiveCfg = Release|Any CPU
		{33C16F08-6859-43EE-9ED7-0AE05F7419E3}.Release|Any CPU.Build.0 = Release|Any CPU
		{83D72D59-80F2-470C-9A44-A5EA9DF0A5C2}.Debug|Any CPU.ActiveCfg = Debug|Any CPU
		{83D72D59-80F2-470C-9A44-A5EA9DF0A5C2}.Debug|Any CPU.Build.0 = Debug|Any CPU
		{83D72D59-80F2-470C-9A44-A5EA9DF0A5C2}.Release|Any CPU.ActiveCfg = Release|Any CPU
		{83D72D59-80F2-470C-9A44-A5EA9DF0A5C2}.Release|Any CPU.Build.0 = Release|Any CPU
		{D5F42840-260D-408E-A9A9-32968DC75AF0}.Debug|Any CPU.ActiveCfg = Debug|Any CPU
		{D5F42840-260D-408E-A9A9-32968DC75AF0}.Debug|Any CPU.Build.0 = Debug|Any CPU
		{D5F42840-260D-408E-A9A9-32968DC75AF0}.Release|Any CPU.ActiveCfg = Release|Any CPU
		{D5F42840-260D-408E-A9A9-32968DC75AF0}.Release|Any CPU.Build.0 = Release|Any CPU
	EndGlobalSection
	GlobalSection(SolutionProperties) = preSolution
		HideSolutionNode = FALSE
	EndGlobalSection
	GlobalSection(ExtensibilityGlobals) = postSolution
		SolutionGuid = {2B448FD7-B2E4-4A67-8814-889379965F33}
	EndGlobalSection
EndGlobal
